
Microsoft Visual Studio Solution File, Format Version 12.00
# Visual Studio 2013
VisualStudioVersion = 12.0.40629.0
MinimumVisualStudioVersion = 10.0.40219.1
Project("{FAE04EC0-301F-11D3-BF4B-00C04F79EFBC}") = "HS_Production", "HS_Production\HS_Production.csproj", "{12BC3A3B-5F51-4F0F-AE87-99CBCCD90A67}"
EndProject
Global
	GlobalSection(SolutionConfigurationPlatforms) = preSolution
		86x|Any CPU = 86x|Any CPU
		86x|x86 = 86x|x86
		Debug|Any CPU = Debug|Any CPU
		Debug|x86 = Debug|x86
		Release|Any CPU = Release|Any CPU
		Release|x86 = Release|x86
	EndGlobalSection
	GlobalSection(ProjectConfigurationPlatforms) = postSolution
		{12BC3A3B-5F51-4F0F-AE87-99CBCCD90A67}.86x|Any CPU.ActiveCfg = 86x|Any CPU
		{12BC3A3B-5F51-4F0F-AE87-99CBCCD90A67}.86x|Any CPU.Build.0 = 86x|Any CPU
		{12BC3A3B-5F51-4F0F-AE87-99CBCCD90A67}.86x|x86.ActiveCfg = 86x|x86
		{12BC3A3B-5F51-4F0F-AE87-99CBCCD90A67}.86x|x86.Build.0 = 86x|x86
		{12BC3A3B-5F51-4F0F-AE87-99CBCCD90A67}.Debug|Any CPU.ActiveCfg = Debug|Any CPU
		{12BC3A3B-5F51-4F0F-AE87-99CBCCD90A67}.Debug|Any CPU.Build.0 = Debug|Any CPU
		{12BC3A3B-5F51-4F0F-AE87-99CBCCD90A67}.Debug|x86.ActiveCfg = Debug|x86
		{12BC3A3B-5F51-4F0F-AE87-99CBCCD90A67}.Debug|x86.Build.0 = Debug|x86
		{12BC3A3B-5F51-4F0F-AE87-99CBCCD90A67}.Release|Any CPU.ActiveCfg = Release|Any CPU
		{12BC3A3B-5F51-4F0F-AE87-99CBCCD90A67}.Release|Any CPU.Build.0 = Release|Any CPU
		{12BC3A3B-5F51-4F0F-AE87-99CBCCD90A67}.Release|x86.ActiveCfg = Release|x86
		{12BC3A3B-5F51-4F0F-AE87-99CBCCD90A67}.Release|x86.Build.0 = Release|x86
	EndGlobalSection
	GlobalSection(SolutionProperties) = preSolution
		HideSolutionNode = FALSE
	EndGlobalSection
EndGlobal
